
Microsoft Visual Studio Solution File, Format Version 12.00
# Visual Studio Version 17
VisualStudioVersion = 17.2.32526.322
MinimumVisualStudioVersion = 10.0.40219.1
Project("{FAE04EC0-301F-11D3-BF4B-00C04F79EFBC}") = "PlateUpShowUpgrade", "PlateUpShowUpgrade\PlateUpShowUpgrade.csproj", "{BB898A40-0E51-4F62-BB88-A43D1531FEF5}"
EndProject
Global
	GlobalSection(SolutionConfigurationPlatforms) = preSolution
		Debug|Any CPU = Debug|Any CPU
		Release|Any CPU = Release|Any CPU
	EndGlobalSection
	GlobalSection(ProjectConfigurationPlatforms) = postSolution
		{BB898A40-0E51-4F62-BB88-A43D1531FEF5}.Debug|Any CPU.ActiveCfg = Debug|Any CPU
		{BB898A40-0E51-4F62-BB88-A43D1531FEF5}.Debug|Any CPU.Build.0 = Debug|Any CPU
		{BB898A40-0E51-4F62-BB88-A43D1531FEF5}.Release|Any CPU.ActiveCfg = Release|Any CPU
		{BB898A40-0E51-4F62-BB88-A43D1531FEF5}.Release|Any CPU.Build.0 = Release|Any CPU
	EndGlobalSection
	GlobalSection(SolutionProperties) = preSolution
		HideSolutionNode = FALSE
	EndGlobalSection
	GlobalSection(ExtensibilityGlobals) = postSolution
		SolutionGuid = {3451F5ED-F5A4-4CE6-BBE2-F40AFCC9678B}
	EndGlobalSection
EndGlobal
